// !$*UTF8*$!
{
	archiveVersion = 1;
	classes = {
	};
	objectVersion = 48;
	objects = {

/* Begin PBXBuildFile section */
		3103C75020D124E200076F2D /* WebKit.framework in Frameworks */ = {isa = PBXBuildFile; fileRef = 3103C74F20D124E200076F2D /* WebKit.framework */; };
		3103C77E20D79A6400076F2D /* IndicatorController.m in Sources */ = {isa = PBXBuildFile; fileRef = 3103C77D20D79A6400076F2D /* IndicatorController.m */; };
		31214A3720D0EACA00340599 /* Main.storyboard in Resources */ = {isa = PBXBuildFile; fileRef = 31214A3520D0EACA00340599 /* Main.storyboard */; };
		31214A3920D0EACB00340599 /* Assets.xcassets in Resources */ = {isa = PBXBuildFile; fileRef = 31214A3820D0EACB00340599 /* Assets.xcassets */; };
		31214A3C20D0EACB00340599 /* LaunchScreen.storyboard in Resources */ = {isa = PBXBuildFile; fileRef = 31214A3A20D0EACB00340599 /* LaunchScreen.storyboard */; };
		31214A3F20D0EACB00340599 /* main.m in Sources */ = {isa = PBXBuildFile; fileRef = 31214A3E20D0EACB00340599 /* main.m */; };
		31214A4720D0EEFB00340599 /* TableController.m in Sources */ = {isa = PBXBuildFile; fileRef = 31214A4620D0EEFB00340599 /* TableController.m */; };
		31214A4A20D10F7C00340599 /* DetailViewController.m in Sources */ = {isa = PBXBuildFile; fileRef = 31214A4920D10F7C00340599 /* DetailViewController.m */; };
		3179518A20E369EA009D3DA0 /* Post.m in Sources */ = {isa = PBXBuildFile; fileRef = 3179518920E369EA009D3DA0 /* Post.m */; };
		3179518D20E379B8009D3DA0 /* Channel.m in Sources */ = {isa = PBXBuildFile; fileRef = 3179518C20E379B8009D3DA0 /* Channel.m */; };
		3179519120E66690009D3DA0 /* ChannelListViewController.m in Sources */ = {isa = PBXBuildFile; fileRef = 3179519020E66690009D3DA0 /* ChannelListViewController.m */; };
		3197CE4F20EFA5CD00B5C233 /* RSSLoader.m in Sources */ = {isa = PBXBuildFile; fileRef = 3197CE4E20EFA5CD00B5C233 /* RSSLoader.m */; };
		3197CE5220EFA72100B5C233 /* RSSParser.m in Sources */ = {isa = PBXBuildFile; fileRef = 3197CE5120EFA72100B5C233 /* RSSParser.m */; };
		3197CE5520EFAAE600B5C233 /* RSSFeedModel.m in Sources */ = {isa = PBXBuildFile; fileRef = 3197CE5420EFAAE600B5C233 /* RSSFeedModel.m */; };
		31AE610C21157A210037C02E /* AppDelegate.m in Sources */ = {isa = PBXBuildFile; fileRef = 31AE610B21157A210037C02E /* AppDelegate.m */; };
/* End PBXBuildFile section */

/* Begin PBXFileReference section */
		3103C74F20D124E200076F2D /* WebKit.framework */ = {isa = PBXFileReference; lastKnownFileType = wrapper.framework; name = WebKit.framework; path = System/Library/Frameworks/WebKit.framework; sourceTree = SDKROOT; };
		3103C77C20D79A6400076F2D /* IndicatorController.h */ = {isa = PBXFileReference; lastKnownFileType = sourcecode.c.h; path = IndicatorController.h; sourceTree = "<group>"; };
		3103C77D20D79A6400076F2D /* IndicatorController.m */ = {isa = PBXFileReference; lastKnownFileType = sourcecode.c.objc; path = IndicatorController.m; sourceTree = "<group>"; };
		31214A2C20D0EACA00340599 /* RSSViewer_ios.app */ = {isa = PBXFileReference; explicitFileType = wrapper.application; includeInIndex = 0; path = RSSViewer_ios.app; sourceTree = BUILT_PRODUCTS_DIR; };
		31214A3620D0EACA00340599 /* Base */ = {isa = PBXFileReference; lastKnownFileType = file.storyboard; name = Base; path = Base.lproj/Main.storyboard; sourceTree = "<group>"; };
		31214A3820D0EACB00340599 /* Assets.xcassets */ = {isa = PBXFileReference; lastKnownFileType = folder.assetcatalog; path = Assets.xcassets; sourceTree = "<group>"; };
		31214A3B20D0EACB00340599 /* Base */ = {isa = PBXFileReference; lastKnownFileType = file.storyboard; name = Base; path = Base.lproj/LaunchScreen.storyboard; sourceTree = "<group>"; };
		31214A3D20D0EACB00340599 /* Info.plist */ = {isa = PBXFileReference; lastKnownFileType = text.plist.xml; path = Info.plist; sourceTree = "<group>"; };
		31214A3E20D0EACB00340599 /* main.m */ = {isa = PBXFileReference; lastKnownFileType = sourcecode.c.objc; path = main.m; sourceTree = "<group>"; };
		31214A4520D0EEFB00340599 /* TableController.h */ = {isa = PBXFileReference; lastKnownFileType = sourcecode.c.h; path = TableController.h; sourceTree = "<group>"; };
		31214A4620D0EEFB00340599 /* TableController.m */ = {isa = PBXFileReference; lastKnownFileType = sourcecode.c.objc; path = TableController.m; sourceTree = "<group>"; };
		31214A4820D10F7C00340599 /* DetailViewController.h */ = {isa = PBXFileReference; lastKnownFileType = sourcecode.c.h; path = DetailViewController.h; sourceTree = "<group>"; };
		31214A4920D10F7C00340599 /* DetailViewController.m */ = {isa = PBXFileReference; lastKnownFileType = sourcecode.c.objc; path = DetailViewController.m; sourceTree = "<group>"; };
		3179518820E369EA009D3DA0 /* Post.h */ = {isa = PBXFileReference; lastKnownFileType = sourcecode.c.h; path = Post.h; sourceTree = "<group>"; };
		3179518920E369EA009D3DA0 /* Post.m */ = {isa = PBXFileReference; lastKnownFileType = sourcecode.c.objc; path = Post.m; sourceTree = "<group>"; };
		3179518B20E379B7009D3DA0 /* Channel.h */ = {isa = PBXFileReference; lastKnownFileType = sourcecode.c.h; path = Channel.h; sourceTree = "<group>"; };
		3179518C20E379B8009D3DA0 /* Channel.m */ = {isa = PBXFileReference; lastKnownFileType = sourcecode.c.objc; path = Channel.m; sourceTree = "<group>"; };
		3179518F20E66690009D3DA0 /* ChannelListViewController.h */ = {isa = PBXFileReference; lastKnownFileType = sourcecode.c.h; path = ChannelListViewController.h; sourceTree = "<group>"; };
		3179519020E66690009D3DA0 /* ChannelListViewController.m */ = {isa = PBXFileReference; lastKnownFileType = sourcecode.c.objc; path = ChannelListViewController.m; sourceTree = "<group>"; };
		3197CE4D20EFA5CD00B5C233 /* RSSLoader.h */ = {isa = PBXFileReference; lastKnownFileType = sourcecode.c.h; path = RSSLoader.h; sourceTree = "<group>"; };
		3197CE4E20EFA5CD00B5C233 /* RSSLoader.m */ = {isa = PBXFileReference; lastKnownFileType = sourcecode.c.objc; path = RSSLoader.m; sourceTree = "<group>"; };
		3197CE5020EFA72100B5C233 /* RSSParser.h */ = {isa = PBXFileReference; lastKnownFileType = sourcecode.c.h; path = RSSParser.h; sourceTree = "<group>"; };
		3197CE5120EFA72100B5C233 /* RSSParser.m */ = {isa = PBXFileReference; lastKnownFileType = sourcecode.c.objc; path = RSSParser.m; sourceTree = "<group>"; };
		3197CE5320EFAAE600B5C233 /* RSSFeedModel.h */ = {isa = PBXFileReference; lastKnownFileType = sourcecode.c.h; path = RSSFeedModel.h; sourceTree = "<group>"; };
		3197CE5420EFAAE600B5C233 /* RSSFeedModel.m */ = {isa = PBXFileReference; lastKnownFileType = sourcecode.c.objc; path = RSSFeedModel.m; sourceTree = "<group>"; };
		31AE610A21157A210037C02E /* AppDelegate.h */ = {isa = PBXFileReference; fileEncoding = 4; lastKnownFileType = sourcecode.c.h; path = AppDelegate.h; sourceTree = "<group>"; };
		31AE610B21157A210037C02E /* AppDelegate.m */ = {isa = PBXFileReference; fileEncoding = 4; lastKnownFileType = sourcecode.c.objc; path = AppDelegate.m; sourceTree = "<group>"; };
		31AE610D211580AD0037C02E /* NSString+warning.h */ = {isa = PBXFileReference; lastKnownFileType = sourcecode.c.h; path = "NSString+warning.h"; sourceTree = "<group>"; };
/* End PBXFileReference section */

/* Begin PBXFrameworksBuildPhase section */
		31214A2920D0EACA00340599 /* Frameworks */ = {
			isa = PBXFrameworksBuildPhase;
			buildActionMask = 2147483647;
			files = (
				3103C75020D124E200076F2D /* WebKit.framework in Frameworks */,
			);
			runOnlyForDeploymentPostprocessing = 0;
		};
/* End PBXFrameworksBuildPhase section */

/* Begin PBXGroup section */
		3103C74E20D124E100076F2D /* Frameworks */ = {
			isa = PBXGroup;
			children = (
				3103C74F20D124E200076F2D /* WebKit.framework */,
			);
			name = Frameworks;
			sourceTree = "<group>";
		};
		31214A2320D0EACA00340599 = {
			isa = PBXGroup;
			children = (
				31AE611121158B3C0037C02E /* Category */,
				31214A2E20D0EACA00340599 /* RSSViewer_ios */,
				31214A2D20D0EACA00340599 /* Products */,
				3103C74E20D124E100076F2D /* Frameworks */,
			);
			sourceTree = "<group>";
		};
		31214A2D20D0EACA00340599 /* Products */ = {
			isa = PBXGroup;
			children = (
				31214A2C20D0EACA00340599 /* RSSViewer_ios.app */,
			);
			name = Products;
			sourceTree = "<group>";
		};
		31214A2E20D0EACA00340599 /* RSSViewer_ios */ = {
			isa = PBXGroup;
			children = (
				31AE610A21157A210037C02E /* AppDelegate.h */,
				31AE610B21157A210037C02E /* AppDelegate.m */,
				31214A4820D10F7C00340599 /* DetailViewController.h */,
				31214A4920D10F7C00340599 /* DetailViewController.m */,
				3179518F20E66690009D3DA0 /* ChannelListViewController.h */,
				3179519020E66690009D3DA0 /* ChannelListViewController.m */,
				3179518E20E3D7C5009D3DA0 /* Model */,
				31214A4520D0EEFB00340599 /* TableController.h */,
				31214A4620D0EEFB00340599 /* TableController.m */,
				3103C77C20D79A6400076F2D /* IndicatorController.h */,
				3103C77D20D79A6400076F2D /* IndicatorController.m */,
				31214A3520D0EACA00340599 /* Main.storyboard */,
				31214A3820D0EACB00340599 /* Assets.xcassets */,
				31214A3A20D0EACB00340599 /* LaunchScreen.storyboard */,
				31214A3D20D0EACB00340599 /* Info.plist */,
				31214A3E20D0EACB00340599 /* main.m */,
			);
			path = RSSViewer_ios;
			sourceTree = "<group>";
		};
		3179518E20E3D7C5009D3DA0 /* Model */ = {
			isa = PBXGroup;
			children = (
				3179518B20E379B7009D3DA0 /* Channel.h */,
				3179518C20E379B8009D3DA0 /* Channel.m */,
				3179518820E369EA009D3DA0 /* Post.h */,
				3179518920E369EA009D3DA0 /* Post.m */,
				3197CE4D20EFA5CD00B5C233 /* RSSLoader.h */,
				3197CE4E20EFA5CD00B5C233 /* RSSLoader.m */,
				3197CE5020EFA72100B5C233 /* RSSParser.h */,
				3197CE5120EFA72100B5C233 /* RSSParser.m */,
				3197CE5320EFAAE600B5C233 /* RSSFeedModel.h */,
				3197CE5420EFAAE600B5C233 /* RSSFeedModel.m */,
			);
			path = Model;
			sourceTree = "<group>";
		};
		31AE611121158B3C0037C02E /* Category */ = {
			isa = PBXGroup;
			children = (
				31AE610D211580AD0037C02E /* NSString+warning.h */,
			);
			path = Category;
			sourceTree = "<group>";
		};
/* End PBXGroup section */

/* Begin PBXNativeTarget section */
		31214A2B20D0EACA00340599 /* RSSViewer_ios */ = {
			isa = PBXNativeTarget;
			buildConfigurationList = 31214A4220D0EACB00340599 /* Build configuration list for PBXNativeTarget "RSSViewer_ios" */;
			buildPhases = (
				31214A2820D0EACA00340599 /* Sources */,
				31214A2920D0EACA00340599 /* Frameworks */,
				31214A2A20D0EACA00340599 /* Resources */,
			);
			buildRules = (
			);
			dependencies = (
			);
			name = RSSViewer_ios;
			productName = RSSViewer_ios;
			productReference = 31214A2C20D0EACA00340599 /* RSSViewer_ios.app */;
			productType = "com.apple.product-type.application";
		};
/* End PBXNativeTarget section */

/* Begin PBXProject section */
		31214A2420D0EACA00340599 /* Project object */ = {
			isa = PBXProject;
			attributes = {
				LastUpgradeCheck = 0940;
				ORGANIZATIONNAME = "Ruslan Mavlyutov";
				TargetAttributes = {
					31214A2B20D0EACA00340599 = {
						CreatedOnToolsVersion = 9.4;
						ProvisioningStyle = Automatic;
					};
				};
			};
			buildConfigurationList = 31214A2720D0EACA00340599 /* Build configuration list for PBXProject "RSSViewer_ios" */;
			compatibilityVersion = "Xcode 8.0";
			developmentRegion = en;
			hasScannedForEncodings = 0;
			knownRegions = (
				en,
				Base,
			);
			mainGroup = 31214A2320D0EACA00340599;
			productRefGroup = 31214A2D20D0EACA00340599 /* Products */;
			projectDirPath = "";
			projectRoot = "";
			targets = (
				31214A2B20D0EACA00340599 /* RSSViewer_ios */,
			);
		};
/* End PBXProject section */

/* Begin PBXResourcesBuildPhase section */
		31214A2A20D0EACA00340599 /* Resources */ = {
			isa = PBXResourcesBuildPhase;
			buildActionMask = 2147483647;
			files = (
				31214A3C20D0EACB00340599 /* LaunchScreen.storyboard in Resources */,
				31214A3920D0EACB00340599 /* Assets.xcassets in Resources */,
				31214A3720D0EACA00340599 /* Main.storyboard in Resources */,
			);
			runOnlyForDeploymentPostprocessing = 0;
		};
/* End PBXResourcesBuildPhase section */

/* Begin PBXSourcesBuildPhase section */
		31214A2820D0EACA00340599 /* Sources */ = {
			isa = PBXSourcesBuildPhase;
			buildActionMask = 2147483647;
			files = (
				31AE610C21157A210037C02E /* AppDelegate.m in Sources */,
				31214A4A20D10F7C00340599 /* DetailViewController.m in Sources */,
				31214A4720D0EEFB00340599 /* TableController.m in Sources */,
				3197CE5520EFAAE600B5C233 /* RSSFeedModel.m in Sources */,
				3179518D20E379B8009D3DA0 /* Channel.m in Sources */,
				3179518A20E369EA009D3DA0 /* Post.m in Sources */,
				3197CE4F20EFA5CD00B5C233 /* RSSLoader.m in Sources */,
				3179519120E66690009D3DA0 /* ChannelListViewController.m in Sources */,
				3103C77E20D79A6400076F2D /* IndicatorController.m in Sources */,
				31214A3F20D0EACB00340599 /* main.m in Sources */,
				3197CE5220EFA72100B5C233 /* RSSParser.m in Sources */,
			);
			runOnlyForDeploymentPostprocessing = 0;
		};
/* End PBXSourcesBuildPhase section */

/* Begin PBXVariantGroup section */
		31214A3520D0EACA00340599 /* Main.storyboard */ = {
			isa = PBXVariantGroup;
			children = (
				31214A3620D0EACA00340599 /* Base */,
			);
			name = Main.storyboard;
			sourceTree = "<group>";
		};
		31214A3A20D0EACB00340599 /* LaunchScreen.storyboard */ = {
			isa = PBXVariantGroup;
			children = (
				31214A3B20D0EACB00340599 /* Base */,
			);
			name = LaunchScreen.storyboard;
			sourceTree = "<group>";
		};
/* End PBXVariantGroup section */

/* Begin XCBuildConfiguration section */
		31214A4020D0EACB00340599 /* Debug */ = {
			isa = XCBuildConfiguration;
			buildSettings = {
				ALWAYS_SEARCH_USER_PATHS = NO;
				CLANG_ANALYZER_NONNULL = YES;
				CLANG_ANALYZER_NUMBER_OBJECT_CONVERSION = YES_AGGRESSIVE;
				CLANG_CXX_LANGUAGE_STANDARD = "gnu++14";
				CLANG_CXX_LIBRARY = "libc++";
				CLANG_ENABLE_MODULES = YES;
				CLANG_ENABLE_OBJC_ARC = YES;
				CLANG_ENABLE_OBJC_WEAK = YES;
				CLANG_WARN_BLOCK_CAPTURE_AUTORELEASING = YES;
				CLANG_WARN_BOOL_CONVERSION = YES;
				CLANG_WARN_COMMA = YES;
				CLANG_WARN_CONSTANT_CONVERSION = YES;
				CLANG_WARN_DEPRECATED_OBJC_IMPLEMENTATIONS = YES;
				CLANG_WARN_DIRECT_OBJC_ISA_USAGE = YES_ERROR;
				CLANG_WARN_DOCUMENTATION_COMMENTS = YES;
				CLANG_WARN_EMPTY_BODY = YES;
				CLANG_WARN_ENUM_CONVERSION = YES;
				CLANG_WARN_INFINITE_RECURSION = YES;
				CLANG_WARN_INT_CONVERSION = YES;
				CLANG_WARN_NON_LITERAL_NULL_CONVERSION = YES;
				CLANG_WARN_OBJC_IMPLICIT_RETAIN_SELF = YES;
				CLANG_WARN_OBJC_LITERAL_CONVERSION = YES;
				CLANG_WARN_OBJC_ROOT_CLASS = YES_ERROR;
				CLANG_WARN_RANGE_LOOP_ANALYSIS = YES;
				CLANG_WARN_STRICT_PROTOTYPES = YES;
				CLANG_WARN_SUSPICIOUS_MOVE = YES;
				CLANG_WARN_UNGUARDED_AVAILABILITY = YES_AGGRESSIVE;
				CLANG_WARN_UNREACHABLE_CODE = YES;
				CLANG_WARN__DUPLICATE_METHOD_MATCH = YES;
				CODE_SIGN_IDENTITY = "iPhone Developer";
				COPY_PHASE_STRIP = NO;
				DEBUG_INFORMATION_FORMAT = dwarf;
				ENABLE_STRICT_OBJC_MSGSEND = YES;
				ENABLE_TESTABILITY = YES;
				GCC_C_LANGUAGE_STANDARD = gnu11;
				GCC_DYNAMIC_NO_PIC = NO;
				GCC_NO_COMMON_BLOCKS = YES;
				GCC_OPTIMIZATION_LEVEL = 0;
				GCC_PREPROCESSOR_DEFINITIONS = (
					"DEBUG=1",
					"$(inherited)",
				);
				GCC_WARN_64_TO_32_BIT_CONVERSION = YES;
				GCC_WARN_ABOUT_RETURN_TYPE = YES_ERROR;
				GCC_WARN_UNDECLARED_SELECTOR = YES;
				GCC_WARN_UNINITIALIZED_AUTOS = YES_AGGRESSIVE;
				GCC_WARN_UNUSED_FUNCTION = YES;
				GCC_WARN_UNUSED_VARIABLE = YES;
				IPHONEOS_DEPLOYMENT_TARGET = 11.4;
				MTL_ENABLE_DEBUG_INFO = YES;
				ONLY_ACTIVE_ARCH = YES;
				SDKROOT = iphoneos;
			};
			name = Debug;
		};
		31214A4120D0EACB00340599 /* Release */ = {
			isa = XCBuildConfiguration;
			buildSettings = {
				ALWAYS_SEARCH_USER_PATHS = NO;
				CLANG_ANALYZER_NONNULL = YES;
				CLANG_ANALYZER_NUMBER_OBJECT_CONVERSION = YES_AGGRESSIVE;
				CLANG_CXX_LANGUAGE_STANDARD = "gnu++14";
				CLANG_CXX_LIBRARY = "libc++";
				CLANG_ENABLE_MODULES = YES;
				CLANG_ENABLE_OBJC_ARC = YES;
				CLANG_ENABLE_OBJC_WEAK = YES;
				CLANG_WARN_BLOCK_CAPTURE_AUTORELEASING = YES;
				CLANG_WARN_BOOL_CONVERSION = YES;
				CLANG_WARN_COMMA = YES;
				CLANG_WARN_CONSTANT_CONVERSION = YES;
				CLANG_WARN_DEPRECATED_OBJC_IMPLEMENTATIONS = YES;
				CLANG_WARN_DIRECT_OBJC_ISA_USAGE = YES_ERROR;
				CLANG_WARN_DOCUMENTATION_COMMENTS = YES;
				CLANG_WARN_EMPTY_BODY = YES;
				CLANG_WARN_ENUM_CONVERSION = YES;
				CLANG_WARN_INFINITE_RECURSION = YES;
				CLANG_WARN_INT_CONVERSION = YES;
				CLANG_WARN_NON_LITERAL_NULL_CONVERSION = YES;
				CLANG_WARN_OBJC_IMPLICIT_RETAIN_SELF = YES;
				CLANG_WARN_OBJC_LITERAL_CONVERSION = YES;
				CLANG_WARN_OBJC_ROOT_CLASS = YES_ERROR;
				CLANG_WARN_RANGE_LOOP_ANALYSIS = YES;
				CLANG_WARN_STRICT_PROTOTYPES = YES;
				CLANG_WARN_SUSPICIOUS_MOVE = YES;
				CLANG_WARN_UNGUARDED_AVAILABILITY = YES_AGGRESSIVE;
				CLANG_WARN_UNREACHABLE_CODE = YES;
				CLANG_WARN__DUPLICATE_METHOD_MATCH = YES;
				CODE_SIGN_IDENTITY = "iPhone Developer";
				COPY_PHASE_STRIP = NO;
				DEBUG_INFORMATION_FORMAT = "dwarf-with-dsym";
				ENABLE_NS_ASSERTIONS = NO;
				ENABLE_STRICT_OBJC_MSGSEND = YES;
				GCC_C_LANGUAGE_STANDARD = gnu11;
				GCC_NO_COMMON_BLOCKS = YES;
				GCC_WARN_64_TO_32_BIT_CONVERSION = YES;
				GCC_WARN_ABOUT_RETURN_TYPE = YES_ERROR;
				GCC_WARN_UNDECLARED_SELECTOR = YES;
				GCC_WARN_UNINITIALIZED_AUTOS = YES_AGGRESSIVE;
				GCC_WARN_UNUSED_FUNCTION = YES;
				GCC_WARN_UNUSED_VARIABLE = YES;
				IPHONEOS_DEPLOYMENT_TARGET = 11.4;
				MTL_ENABLE_DEBUG_INFO = NO;
				SDKROOT = iphoneos;
				VALIDATE_PRODUCT = YES;
			};
			name = Release;
		};
		31214A4320D0EACB00340599 /* Debug */ = {
			isa = XCBuildConfiguration;
			buildSettings = {
				ASSETCATALOG_COMPILER_APPICON_NAME = AppIcon;
				CODE_SIGN_STYLE = Automatic;
				INFOPLIST_FILE = RSSViewer_ios/Info.plist;
				LD_RUNPATH_SEARCH_PATHS = "$(inherited) @executable_path/Frameworks";
				PRODUCT_BUNDLE_IDENTIFIER = "developIOS.RSSViewer-ios";
				PRODUCT_NAME = "$(TARGET_NAME)";
				TARGETED_DEVICE_FAMILY = "1,2";
			};
			name = Debug;
		};
		31214A4420D0EACB00340599 /* Release */ = {
			isa = XCBuildConfiguration;
			buildSettings = {
				ASSETCATALOG_COMPILER_APPICON_NAME = AppIcon;
				CODE_SIGN_STYLE = Automatic;
				INFOPLIST_FILE = RSSViewer_ios/Info.plist;
				LD_RUNPATH_SEARCH_PATHS = "$(inherited) @executable_path/Frameworks";
				PRODUCT_BUNDLE_IDENTIFIER = "developIOS.RSSViewer-ios";
				PRODUCT_NAME = "$(TARGET_NAME)";
				TARGETED_DEVICE_FAMILY = "1,2";
			};
			name = Release;
		};
/* End XCBuildConfiguration section */

/* Begin XCConfigurationList section */
		31214A2720D0EACA00340599 /* Build configuration list for PBXProject "RSSViewer_ios" */ = {
			isa = XCConfigurationList;
			buildConfigurations = (
				31214A4020D0EACB00340599 /* Debug */,
				31214A4120D0EACB00340599 /* Release */,
			);
			defaultConfigurationIsVisible = 0;
			defaultConfigurationName = Release;
		};
		31214A4220D0EACB00340599 /* Build configuration list for PBXNativeTarget "RSSViewer_ios" */ = {
			isa = XCConfigurationList;
			buildConfigurations = (
				31214A4320D0EACB00340599 /* Debug */,
				31214A4420D0EACB00340599 /* Release */,
			);
			defaultConfigurationIsVisible = 0;
			defaultConfigurationName = Release;
		};
/* End XCConfigurationList section */
	};
	rootObject = 31214A2420D0EACA00340599 /* Project object */;
}
